
Microsoft Visual Studio Solution File, Format Version 12.00
# Visual Studio Version 17
VisualStudioVersion = 17.7.34003.232
MinimumVisualStudioVersion = 10.0.40219.1
Project("{9A19103F-16F7-4668-BE54-9A1E7A4F7556}") = "AspNetMiniProj", "AspNetMiniProj\AspNetMiniProj.csproj", "{93AF3A93-241A-435E-8C93-9907616EE207}"
EndProject
Global
	GlobalSection(SolutionConfigurationPlatforms) = preSolution
		Debug|Any CPU = Debug|Any CPU
		Release|Any CPU = Release|Any CPU
	EndGlobalSection
	GlobalSection(ProjectConfigurationPlatforms) = postSolution
		{93AF3A93-241A-435E-8C93-9907616EE207}.Debug|Any CPU.ActiveCfg = Debug|Any CPU
		{93AF3A93-241A-435E-8C93-9907616EE207}.Debug|Any CPU.Build.0 = Debug|Any CPU
		{93AF3A93-241A-435E-8C93-9907616EE207}.Release|Any CPU.ActiveCfg = Release|Any CPU
		{93AF3A93-241A-435E-8C93-9907616EE207}.Release|Any CPU.Build.0 = Release|Any CPU
	EndGlobalSection
	GlobalSection(SolutionProperties) = preSolution
		HideSolutionNode = FALSE
	EndGlobalSection
	GlobalSection(ExtensibilityGlobals) = postSolution
		SolutionGuid = {C6CC5543-51B1-4FFC-8668-3AB770D82DAA}
	EndGlobalSection
EndGlobal
